{
  "originHash" : "7e367c751c6dc5816465d0a3eb35252c34fc66a85a40f4c9d46208046f20d44d",
  "pins" : [
    {
      "identity" : "signalr-client-swift",
      "kind" : "remoteSourceControl",
      "location" : "https://github.com/dotnet/signalr-client-swift",
      "state" : {
        "branch" : "main",
        "revision" : "9a1cd1dcbb6918744037f834e411f11e2d15b5d3"
      }
    }
  ],
  "version" : 3
}
